
Microsoft Visual Studio Solution File, Format Version 12.00
# Visual Studio Version 17
VisualStudioVersion = 17.14.36429.23
MinimumVisualStudioVersion = 10.0.40219.1
Project("{2150E333-8FDC-42A3-9474-1A3956D46DE8}") = "Task0", "Task0", "{02EA681E-C7D8-13C7-8484-4AC65E1B71E8}"
EndProject
Project("{FAE04EC0-301F-11D3-BF4B-00C04F79EFBC}") = "Tyuiu.VlasenkoAE.Sprint6.Task0.V4.Lib", "Tyuiu.VlasenkoAE.Sprint6.Task0.V4.Lib\Tyuiu.VlasenkoAE.Sprint6.Task0.V4.Lib.csproj", "{20E25812-E4F6-42F1-9783-CA397CB70060}"
EndProject
Project("{FAE04EC0-301F-11D3-BF4B-00C04F79EFBC}") = "Tyuiu.VlasenkoAE.Sprint6.Task0.V4.Test", "Tyuiu.VlasenkoAE.Sprint6.Task0.V4.Test\Tyuiu.VlasenkoAE.Sprint6.Task0.V4.Test.csproj", "{A00FA914-C06E-4E28-883A-0E8E8EEBA1DE}"
EndProject
Project("{FAE04EC0-301F-11D3-BF4B-00C04F79EFBC}") = "Tyuiu.VlasenkoAE.Sprint6.Task0.V4", "Tyuiu.VlasenkoAE.Sprint6.Task0.V4\Tyuiu.VlasenkoAE.Sprint6.Task0.V4.csproj", "{E825F7DA-8008-40F5-863E-A50AFEEA8F57}"
EndProject
Project("{2150E333-8FDC-42A3-9474-1A3956D46DE8}") = "Task1", "Task1", "{121A954F-2387-4D2C-B047-9F87082EC3ED}"
EndProject
Project("{FAE04EC0-301F-11D3-BF4B-00C04F79EFBC}") = "Tyuiu.VlasenkoAE.Sprint6.Task1.V8.Lib", "Tyuiu.VlasenkoAE.Sprint6.Task1.V8.Lib\Tyuiu.VlasenkoAE.Sprint6.Task1.V8.Lib.csproj", "{8490E7F4-1046-4805-8598-2300600CA021}"
EndProject
Project("{FAE04EC0-301F-11D3-BF4B-00C04F79EFBC}") = "Tyuiu.VlasenkoAE.Sprint6.Task1.V8.Test", "Tyuiu.VlasenkoAE.Sprint6.Task1.V8.Test\Tyuiu.VlasenkoAE.Sprint6.Task1.V8.Test.csproj", "{A6915207-EB47-4EF1-A481-BEAF269EB370}"
EndProject
Project("{FAE04EC0-301F-11D3-BF4B-00C04F79EFBC}") = "Tyuiu.VlasenkoAE.Sprint6.Task1.V8", "Tyuiu.VlasenkoAE.Sprint6.Task1.V8\Tyuiu.VlasenkoAE.Sprint6.Task1.V8.csproj", "{5FFE8DC5-B8BE-4521-8A35-4990AC49D143}"
EndProject
Project("{2150E333-8FDC-42A3-9474-1A3956D46DE8}") = "Task2", "Task2", "{74D5A665-5F37-45ED-ADD4-EDF9A39D24B7}"
EndProject
Project("{FAE04EC0-301F-11D3-BF4B-00C04F79EFBC}") = "Tyuiu.VlasenkoAE.Sprint6.Task2.V17.Lib", "Tyuiu.VlasenkoAE.Sprint6.Task2.V17.Lib\Tyuiu.VlasenkoAE.Sprint6.Task2.V17.Lib.csproj", "{CFD51A52-B8A7-40F5-A8FC-B07C4B981DF1}"
EndProject
Project("{FAE04EC0-301F-11D3-BF4B-00C04F79EFBC}") = "Tyuiu.VlasenkoAE.Sprint6.Task2.V17.Test", "Tyuiu.VlasenkoAE.Sprint6.Task2.V17.Test\Tyuiu.VlasenkoAE.Sprint6.Task2.V17.Test.csproj", "{78C942FF-6C4C-42B5-83C9-DD8ED7DFDE6B}"
EndProject
Project("{FAE04EC0-301F-11D3-BF4B-00C04F79EFBC}") = "Tyuiu.VlasenkoAE.Sprint6.Task2.V17", "Tyuiu.VlasenkoAE.Sprint6.Task2.V17\Tyuiu.VlasenkoAE.Sprint6.Task2.V17.csproj", "{24BDF629-E308-46AF-8F51-6E9144DB4BDA}"
EndProject
Project("{2150E333-8FDC-42A3-9474-1A3956D46DE8}") = "Task3", "Task3", "{7CC26D63-7025-4FE6-A0EF-24AE1BABEC24}"
EndProject
Project("{FAE04EC0-301F-11D3-BF4B-00C04F79EFBC}") = "Tyuiu.VlasenkoAE.Sprint6.Task3.V13.Lib", "Tyuiu.VlasenkoAE.Sprint6.Task3.V13.Lib\Tyuiu.VlasenkoAE.Sprint6.Task3.V13.Lib.csproj", "{3F5E5994-EB3A-4540-B265-4D76E95B9830}"
EndProject
Project("{FAE04EC0-301F-11D3-BF4B-00C04F79EFBC}") = "Tyuiu.VlasenkoAE.Sprint6.Task3.V13.Test", "Tyuiu.VlasenkoAE.Sprint6.Task3.V13.Test\Tyuiu.VlasenkoAE.Sprint6.Task3.V13.Test.csproj", "{32007FC7-A480-40C4-B957-3FD5CF002EA9}"
EndProject
Project("{FAE04EC0-301F-11D3-BF4B-00C04F79EFBC}") = "Tyuiu.VlasenkoAE.Sprint6.Task3.V13", "Tyuiu.VlasenkoAE.Sprint6.Task3.V13\Tyuiu.VlasenkoAE.Sprint6.Task3.V13.csproj", "{E54C4237-9682-4EF5-82C7-FBC4C86236DA}"
EndProject
Project("{2150E333-8FDC-42A3-9474-1A3956D46DE8}") = "Task4", "Task4", "{EDAF2E61-55D8-4B9D-AE7A-E396A04AF18F}"
EndProject
Project("{FAE04EC0-301F-11D3-BF4B-00C04F79EFBC}") = "Tyuiu.VlasenkoAE.Sprint6.Task4.V3.Lib", "Tyuiu.VlasenkoAE.Sprint6.Task4.V3.Lib\Tyuiu.VlasenkoAE.Sprint6.Task4.V3.Lib.csproj", "{BF07DEA7-C922-4047-A999-F25EF082F21B}"
EndProject
Project("{FAE04EC0-301F-11D3-BF4B-00C04F79EFBC}") = "Tyuiu.VlasenkoAE.Sprint6.Task4.V3.Test", "Tyuiu.VlasenkoAE.Sprint6.Task4.V3.Test\Tyuiu.VlasenkoAE.Sprint6.Task4.V3.Test.csproj", "{8DF57E63-BC81-4871-A279-C6D04B88D3EA}"
EndProject
Project("{FAE04EC0-301F-11D3-BF4B-00C04F79EFBC}") = "Tyuiu.VlasenkoAE.Sprint6.Task4.V3", "Tyuiu.VlasenkoAE.Sprint6.Task4.V3\Tyuiu.VlasenkoAE.Sprint6.Task4.V3.csproj", "{B888C94E-0F70-48A3-A86F-6361EBE13DB8}"
EndProject
Project("{2150E333-8FDC-42A3-9474-1A3956D46DE8}") = "Task5", "Task5", "{F69B7531-2864-48C0-8559-0716162795A2}"
EndProject
Project("{FAE04EC0-301F-11D3-BF4B-00C04F79EFBC}") = "Tyuiu.VlasenkoAE.Sprint6.Task5.V3.Lib", "Tyuiu.VlasenkoAE.Sprint6.Task5.V3.Lib\Tyuiu.VlasenkoAE.Sprint6.Task5.V3.Lib.csproj", "{2B887AE9-3830-40FB-96C6-C056F8FB5A22}"
EndProject
Project("{FAE04EC0-301F-11D3-BF4B-00C04F79EFBC}") = "Tyuiu.VlasenkoAE.Sprint6.Task5.V3.Test", "Tyuiu.VlasenkoAE.Sprint6.Task5.V3.Test\Tyuiu.VlasenkoAE.Sprint6.Task5.V3.Test.csproj", "{21B7D5AC-B814-436B-B382-23204357C203}"
EndProject
Project("{FAE04EC0-301F-11D3-BF4B-00C04F79EFBC}") = "Tyuiu.VlasenkoAE.Sprint6.Task5.V3", "Tyuiu.VlasenkoAE.Sprint6.Task5.V3\Tyuiu.VlasenkoAE.Sprint6.Task5.V3.csproj", "{98CBFEEE-9574-45B6-AD71-C5DA6B9D5C50}"
EndProject
Project("{2150E333-8FDC-42A3-9474-1A3956D46DE8}") = "Task6", "Task6", "{6D3584D4-EBD1-40BC-A9D3-0806B0BE3A36}"
EndProject
Project("{FAE04EC0-301F-11D3-BF4B-00C04F79EFBC}") = "Tyuiu.VlasenkoAE.Sprint6.Task6.V22.Lib", "Tyuiu.VlasenkoAE.Sprint6.Task6.V22.Lib\Tyuiu.VlasenkoAE.Sprint6.Task6.V22.Lib.csproj", "{1AFB9211-ADA0-4DC3-8426-1AD2B53E7532}"
EndProject
Project("{FAE04EC0-301F-11D3-BF4B-00C04F79EFBC}") = "Tyuiu.VlasenkoAE.Sprint6.Task6.V22.Test", "Tyuiu.VlasenkoAE.Sprint6.Task6.V22.Test\Tyuiu.VlasenkoAE.Sprint6.Task6.V22.Test.csproj", "{F134DD3F-C503-4776-AFDE-583BD0FB4B4A}"
EndProject
Project("{FAE04EC0-301F-11D3-BF4B-00C04F79EFBC}") = "Tyuiu.VlasenkoAE.Sprint6.Task6.V22", "Tyuiu.VlasenkoAE.Sprint6.Task6.V22\Tyuiu.VlasenkoAE.Sprint6.Task6.V22.csproj", "{EC10ADF9-9E4F-4FB9-A270-1180F8C7B0E6}"
EndProject
Global
	GlobalSection(SolutionConfigurationPlatforms) = preSolution
		Debug|Any CPU = Debug|Any CPU
		Release|Any CPU = Release|Any CPU
	EndGlobalSection
	GlobalSection(ProjectConfigurationPlatforms) = postSolution
		{20E25812-E4F6-42F1-9783-CA397CB70060}.Debug|Any CPU.ActiveCfg = Debug|Any CPU
		{20E25812-E4F6-42F1-9783-CA397CB70060}.Debug|Any CPU.Build.0 = Debug|Any CPU
		{20E25812-E4F6-42F1-9783-CA397CB70060}.Release|Any CPU.ActiveCfg = Release|Any CPU
		{20E25812-E4F6-42F1-9783-CA397CB70060}.Release|Any CPU.Build.0 = Release|Any CPU
		{A00FA914-C06E-4E28-883A-0E8E8EEBA1DE}.Debug|Any CPU.ActiveCfg = Debug|Any CPU
		{A00FA914-C06E-4E28-883A-0E8E8EEBA1DE}.Debug|Any CPU.Build.0 = Debug|Any CPU
		{A00FA914-C06E-4E28-883A-0E8E8EEBA1DE}.Release|Any CPU.ActiveCfg = Release|Any CPU
		{A00FA914-C06E-4E28-883A-0E8E8EEBA1DE}.Release|Any CPU.Build.0 = Release|Any CPU
		{E825F7DA-8008-40F5-863E-A50AFEEA8F57}.Debug|Any CPU.ActiveCfg = Debug|Any CPU
		{E825F7DA-8008-40F5-863E-A50AFEEA8F57}.Debug|Any CPU.Build.0 = Debug|Any CPU
		{E825F7DA-8008-40F5-863E-A50AFEEA8F57}.Release|Any CPU.ActiveCfg = Release|Any CPU
		{E825F7DA-8008-40F5-863E-A50AFEEA8F57}.Release|Any CPU.Build.0 = Release|Any CPU
		{8490E7F4-1046-4805-8598-2300600CA021}.Debug|Any CPU.ActiveCfg = Debug|Any CPU
		{8490E7F4-1046-4805-8598-2300600CA021}.Debug|Any CPU.Build.0 = Debug|Any CPU
		{8490E7F4-1046-4805-8598-2300600CA021}.Release|Any CPU.ActiveCfg = Release|Any CPU
		{8490E7F4-1046-4805-8598-2300600CA021}.Release|Any CPU.Build.0 = Release|Any CPU
		{A6915207-EB47-4EF1-A481-BEAF269EB370}.Debug|Any CPU.ActiveCfg = Debug|Any CPU
		{A6915207-EB47-4EF1-A481-BEAF269EB370}.Debug|Any CPU.Build.0 = Debug|Any CPU
		{A6915207-EB47-4EF1-A481-BEAF269EB370}.Release|Any CPU.ActiveCfg = Release|Any CPU
		{A6915207-EB47-4EF1-A481-BEAF269EB370}.Release|Any CPU.Build.0 = Release|Any CPU
		{5FFE8DC5-B8BE-4521-8A35-4990AC49D143}.Debug|Any CPU.ActiveCfg = Debug|Any CPU
		{5FFE8DC5-B8BE-4521-8A35-4990AC49D143}.Debug|Any CPU.Build.0 = Debug|Any CPU
		{5FFE8DC5-B8BE-4521-8A35-4990AC49D143}.Release|Any CPU.ActiveCfg = Release|Any CPU
		{5FFE8DC5-B8BE-4521-8A35-4990AC49D143}.Release|Any CPU.Build.0 = Release|Any CPU
		{CFD51A52-B8A7-40F5-A8FC-B07C4B981DF1}.Debug|Any CPU.ActiveCfg = Debug|Any CPU
		{CFD51A52-B8A7-40F5-A8FC-B07C4B981DF1}.Debug|Any CPU.Build.0 = Debug|Any CPU
		{CFD51A52-B8A7-40F5-A8FC-B07C4B981DF1}.Release|Any CPU.ActiveCfg = Release|Any CPU
		{CFD51A52-B8A7-40F5-A8FC-B07C4B981DF1}.Release|Any CPU.Build.0 = Release|Any CPU
		{78C942FF-6C4C-42B5-83C9-DD8ED7DFDE6B}.Debug|Any CPU.ActiveCfg = Debug|Any CPU
		{78C942FF-6C4C-42B5-83C9-DD8ED7DFDE6B}.Debug|Any CPU.Build.0 = Debug|Any CPU
		{78C942FF-6C4C-42B5-83C9-DD8ED7DFDE6B}.Release|Any CPU.ActiveCfg = Release|Any CPU
		{78C942FF-6C4C-42B5-83C9-DD8ED7DFDE6B}.Release|Any CPU.Build.0 = Release|Any CPU
		{24BDF629-E308-46AF-8F51-6E9144DB4BDA}.Debug|Any CPU.ActiveCfg = Debug|Any CPU
		{24BDF629-E308-46AF-8F51-6E9144DB4BDA}.Debug|Any CPU.Build.0 = Debug|Any CPU
		{24BDF629-E308-46AF-8F51-6E9144DB4BDA}.Release|Any CPU.ActiveCfg = Release|Any CPU
		{24BDF629-E308-46AF-8F51-6E9144DB4BDA}.Release|Any CPU.Build.0 = Release|Any CPU
		{3F5E5994-EB3A-4540-B265-4D76E95B9830}.Debug|Any CPU.ActiveCfg = Debug|Any CPU
		{3F5E5994-EB3A-4540-B265-4D76E95B9830}.Debug|Any CPU.Build.0 = Debug|Any CPU
		{3F5E5994-EB3A-4540-B265-4D76E95B9830}.Release|Any CPU.ActiveCfg = Release|Any CPU
		{3F5E5994-EB3A-4540-B265-4D76E95B9830}.Release|Any CPU.Build.0 = Release|Any CPU
		{32007FC7-A480-40C4-B957-3FD5CF002EA9}.Debug|Any CPU.ActiveCfg = Debug|Any CPU
		{32007FC7-A480-40C4-B957-3FD5CF002EA9}.Debug|Any CPU.Build.0 = Debug|Any CPU
		{32007FC7-A480-40C4-B957-3FD5CF002EA9}.Release|Any CPU.ActiveCfg = Release|Any CPU
		{32007FC7-A480-40C4-B957-3FD5CF002EA9}.Release|Any CPU.Build.0 = Release|Any CPU
		{E54C4237-9682-4EF5-82C7-FBC4C86236DA}.Debug|Any CPU.ActiveCfg = Debug|Any CPU
		{E54C4237-9682-4EF5-82C7-FBC4C86236DA}.Debug|Any CPU.Build.0 = Debug|Any CPU
		{E54C4237-9682-4EF5-82C7-FBC4C86236DA}.Release|Any CPU.ActiveCfg = Release|Any CPU
		{E54C4237-9682-4EF5-82C7-FBC4C86236DA}.Release|Any CPU.Build.0 = Release|Any CPU
		{BF07DEA7-C922-4047-A999-F25EF082F21B}.Debug|Any CPU.ActiveCfg = Debug|Any CPU
		{BF07DEA7-C922-4047-A999-F25EF082F21B}.Debug|Any CPU.Build.0 = Debug|Any CPU
		{BF07DEA7-C922-4047-A999-F25EF082F21B}.Release|Any CPU.ActiveCfg = Release|Any CPU
		{BF07DEA7-C922-4047-A999-F25EF082F21B}.Release|Any CPU.Build.0 = Release|Any CPU
		{8DF57E63-BC81-4871-A279-C6D04B88D3EA}.Debug|Any CPU.ActiveCfg = Debug|Any CPU
		{8DF57E63-BC81-4871-A279-C6D04B88D3EA}.Debug|Any CPU.Build.0 = Debug|Any CPU
		{8DF57E63-BC81-4871-A279-C6D04B88D3EA}.Release|Any CPU.ActiveCfg = Release|Any CPU
		{8DF57E63-BC81-4871-A279-C6D04B88D3EA}.Release|Any CPU.Build.0 = Release|Any CPU
		{B888C94E-0F70-48A3-A86F-6361EBE13DB8}.Debug|Any CPU.ActiveCfg = Debug|Any CPU
		{B888C94E-0F70-48A3-A86F-6361EBE13DB8}.Debug|Any CPU.Build.0 = Debug|Any CPU
		{B888C94E-0F70-48A3-A86F-6361EBE13DB8}.Release|Any CPU.ActiveCfg = Release|Any CPU
		{B888C94E-0F70-48A3-A86F-6361EBE13DB8}.Release|Any CPU.Build.0 = Release|Any CPU
		{2B887AE9-3830-40FB-96C6-C056F8FB5A22}.Debug|Any CPU.ActiveCfg = Debug|Any CPU
		{2B887AE9-3830-40FB-96C6-C056F8FB5A22}.Debug|Any CPU.Build.0 = Debug|Any CPU
		{2B887AE9-3830-40FB-96C6-C056F8FB5A22}.Release|Any CPU.ActiveCfg = Release|Any CPU
		{2B887AE9-3830-40FB-96C6-C056F8FB5A22}.Release|Any CPU.Build.0 = Release|Any CPU
		{21B7D5AC-B814-436B-B382-23204357C203}.Debug|Any CPU.ActiveCfg = Debug|Any CPU
		{21B7D5AC-B814-436B-B382-23204357C203}.Debug|Any CPU.Build.0 = Debug|Any CPU
		{21B7D5AC-B814-436B-B382-23204357C203}.Release|Any CPU.ActiveCfg = Release|Any CPU
		{21B7D5AC-B814-436B-B382-23204357C203}.Release|Any CPU.Build.0 = Release|Any CPU
		{98CBFEEE-9574-45B6-AD71-C5DA6B9D5C50}.Debug|Any CPU.ActiveCfg = Debug|Any CPU
		{98CBFEEE-9574-45B6-AD71-C5DA6B9D5C50}.Debug|Any CPU.Build.0 = Debug|Any CPU
		{98CBFEEE-9574-45B6-AD71-C5DA6B9D5C50}.Release|Any CPU.ActiveCfg = Release|Any CPU
		{98CBFEEE-9574-45B6-AD71-C5DA6B9D5C50}.Release|Any CPU.Build.0 = Release|Any CPU
		{1AFB9211-ADA0-4DC3-8426-1AD2B53E7532}.Debug|Any CPU.ActiveCfg = Debug|Any CPU
		{1AFB9211-ADA0-4DC3-8426-1AD2B53E7532}.Debug|Any CPU.Build.0 = Debug|Any CPU
		{1AFB9211-ADA0-4DC3-8426-1AD2B53E7532}.Release|Any CPU.ActiveCfg = Release|Any CPU
		{1AFB9211-ADA0-4DC3-8426-1AD2B53E7532}.Release|Any CPU.Build.0 = Release|Any CPU
		{F134DD3F-C503-4776-AFDE-583BD0FB4B4A}.Debug|Any CPU.ActiveCfg = Debug|Any CPU
		{F134DD3F-C503-4776-AFDE-583BD0FB4B4A}.Debug|Any CPU.Build.0 = Debug|Any CPU
		{F134DD3F-C503-4776-AFDE-583BD0FB4B4A}.Release|Any CPU.ActiveCfg = Release|Any CPU
		{F134DD3F-C503-4776-AFDE-583BD0FB4B4A}.Release|Any CPU.Build.0 = Release|Any CPU
		{EC10ADF9-9E4F-4FB9-A270-1180F8C7B0E6}.Debug|Any CPU.ActiveCfg = Debug|Any CPU
		{EC10ADF9-9E4F-4FB9-A270-1180F8C7B0E6}.Debug|Any CPU.Build.0 = Debug|Any CPU
		{EC10ADF9-9E4F-4FB9-A270-1180F8C7B0E6}.Release|Any CPU.ActiveCfg = Release|Any CPU
		{EC10ADF9-9E4F-4FB9-A270-1180F8C7B0E6}.Release|Any CPU.Build.0 = Release|Any CPU
	EndGlobalSection
	GlobalSection(SolutionProperties) = preSolution
		HideSolutionNode = FALSE
	EndGlobalSection
	GlobalSection(NestedProjects) = preSolution
		{20E25812-E4F6-42F1-9783-CA397CB70060} = {02EA681E-C7D8-13C7-8484-4AC65E1B71E8}
		{A00FA914-C06E-4E28-883A-0E8E8EEBA1DE} = {02EA681E-C7D8-13C7-8484-4AC65E1B71E8}
		{E825F7DA-8008-40F5-863E-A50AFEEA8F57} = {02EA681E-C7D8-13C7-8484-4AC65E1B71E8}
		{8490E7F4-1046-4805-8598-2300600CA021} = {121A954F-2387-4D2C-B047-9F87082EC3ED}
		{A6915207-EB47-4EF1-A481-BEAF269EB370} = {121A954F-2387-4D2C-B047-9F87082EC3ED}
		{5FFE8DC5-B8BE-4521-8A35-4990AC49D143} = {121A954F-2387-4D2C-B047-9F87082EC3ED}
		{CFD51A52-B8A7-40F5-A8FC-B07C4B981DF1} = {74D5A665-5F37-45ED-ADD4-EDF9A39D24B7}
		{78C942FF-6C4C-42B5-83C9-DD8ED7DFDE6B} = {74D5A665-5F37-45ED-ADD4-EDF9A39D24B7}
		{24BDF629-E308-46AF-8F51-6E9144DB4BDA} = {74D5A665-5F37-45ED-ADD4-EDF9A39D24B7}
		{3F5E5994-EB3A-4540-B265-4D76E95B9830} = {7CC26D63-7025-4FE6-A0EF-24AE1BABEC24}
		{32007FC7-A480-40C4-B957-3FD5CF002EA9} = {7CC26D63-7025-4FE6-A0EF-24AE1BABEC24}
		{E54C4237-9682-4EF5-82C7-FBC4C86236DA} = {7CC26D63-7025-4FE6-A0EF-24AE1BABEC24}
		{BF07DEA7-C922-4047-A999-F25EF082F21B} = {EDAF2E61-55D8-4B9D-AE7A-E396A04AF18F}
		{8DF57E63-BC81-4871-A279-C6D04B88D3EA} = {EDAF2E61-55D8-4B9D-AE7A-E396A04AF18F}
		{B888C94E-0F70-48A3-A86F-6361EBE13DB8} = {EDAF2E61-55D8-4B9D-AE7A-E396A04AF18F}
		{2B887AE9-3830-40FB-96C6-C056F8FB5A22} = {F69B7531-2864-48C0-8559-0716162795A2}
		{21B7D5AC-B814-436B-B382-23204357C203} = {F69B7531-2864-48C0-8559-0716162795A2}
		{98CBFEEE-9574-45B6-AD71-C5DA6B9D5C50} = {F69B7531-2864-48C0-8559-0716162795A2}
		{1AFB9211-ADA0-4DC3-8426-1AD2B53E7532} = {6D3584D4-EBD1-40BC-A9D3-0806B0BE3A36}
		{F134DD3F-C503-4776-AFDE-583BD0FB4B4A} = {6D3584D4-EBD1-40BC-A9D3-0806B0BE3A36}
		{EC10ADF9-9E4F-4FB9-A270-1180F8C7B0E6} = {6D3584D4-EBD1-40BC-A9D3-0806B0BE3A36}
	EndGlobalSection
	GlobalSection(ExtensibilityGlobals) = postSolution
		SolutionGuid = {7905EBB0-84A6-47FD-A738-8644AB92D70F}
	EndGlobalSection
EndGlobal
